schema: '2.0'
stages:
  data_ingestion:
    cmd: python src/cnnClassifier/pipeline/stage_01_data_ingestion.py
    deps:
    - path: config/config.yaml
      hash: md5
      md5: 5c773c2fdcc97ce07f8a3c128867bb1d
      size: 826
    - path: src/cnnClassifier/pipeline/stage_01_data_ingestion.py
      hash: md5
      md5: d80f8f3e6af40f61686e9927aafa0901
      size: 902
    outs:
    - path: artifacts/data_ingestion/Chicken-fecal-images
      hash: md5
      md5: 9e1f8dd2eae3c29e9d635df89d438ae4.dir
      size: 12207807
      nfiles: 390
  prepare_base_model:
    cmd: python src/cnnClassifier/pipeline/stage_02_prepare_base_model.py
    deps:
    - path: config/config.yaml
      hash: md5
      md5: 5c773c2fdcc97ce07f8a3c128867bb1d
      size: 826
    - path: src/cnnClassifier/pipeline/stage_02_prepare_base_model.py
      hash: md5
      md5: 52f448a9db410bf53650848c004a22d4
      size: 1012
    params:
      params.yaml:
        CLASSES: 2
        IMAGE_SIZE:
        - 224
        - 224
        - 3
        INCLUDE_TOP: false
        LEARNING_RATE: 0.01
        WEIGHTS: imagenet
    outs:
    - path: artifacts/prepare_base_model
      hash: md5
      md5: 425fe4d4c4bfe6e33ced31deed8df435.dir
      size: 118073175
      nfiles: 2
  training:
    cmd: python src/cnnClassifier/pipeline/stage_03_training.py
    deps:
    - path: artifacts/data_ingestion/Chicken-fecal-images
      hash: md5
      md5: 9e1f8dd2eae3c29e9d635df89d438ae4.dir
      size: 12207807
      nfiles: 390
    - path: artifacts/prepare_base_model
      hash: md5
      md5: 425fe4d4c4bfe6e33ced31deed8df435.dir
      size: 118073175
      nfiles: 2
    - path: config/config.yaml
      hash: md5
      md5: 5c773c2fdcc97ce07f8a3c128867bb1d
      size: 826
    - path: src/cnnClassifier/components/prepare_callbacks.py
      hash: md5
      md5: 07abe62bdd2d65a8047351210427cb5f
      size: 1024
    - path: src/cnnClassifier/pipeline/stage_03_training.py
      hash: md5
      md5: 939c9e71a60b0f5fdf589b69a1fdd9ab
      size: 1199
    params:
      params.yaml:
        AUGMENTATION: true
        BATCH_SIZE: 16
        EPOCHS: 5
        IMAGE_SIZE:
        - 224
        - 224
        - 3
    outs:
    - path: artifacts/training/model.keras
      hash: md5
      md5: d7c7cdf9e2c2a76f4385a0e421dfa838
      size: 59141232
  evaluation:
    cmd: python src/cnnClassifier/pipeline/stage_04_evaluation.py
    deps:
    - path: artifacts/data_ingestion/Chicken-fecal-images
      hash: md5
      md5: 9e1f8dd2eae3c29e9d635df89d438ae4.dir
      size: 12207807
      nfiles: 390
    - path: artifacts/training/model.keras
      hash: md5
      md5: d7c7cdf9e2c2a76f4385a0e421dfa838
      size: 59141232
    - path: config/config.yaml
      hash: md5
      md5: 5c773c2fdcc97ce07f8a3c128867bb1d
      size: 826
    - path: src/cnnClassifier/pipeline/stage_04_evaluation.py
      hash: md5
      md5: 9bdb857f254dab8d7fcd23e3f67faa8d
      size: 932
    params:
      params.yaml:
        BATCH_SIZE: 16
        IMAGE_SIZE:
        - 224
        - 224
        - 3
    outs:
    - path: scores.json
      hash: md5
      md5: 4cb26afb9a568f9f33d9dc5baf5fa648
      size: 72
